<?xml version="1.0" encoding="UTF-8" standalone="yes" ?>
<CodeBlocks_project_file>
	<FileVersion major="1" minor="6" />
	<Project>
		<Option title="SdlDisplayPicture" />
		<Option pch_mode="2" />
		<Option compiler="gcc" />
		<Build>
			<Target title="Debug">
				<Option output="bin/Debug/SdlDisplayPicture" prefix_auto="1" extension_auto="1" />
				<Option object_output="obj/Debug/" />
				<Option type="1" />
				<Option compiler="gcc" />
				<Compiler>
					<Add option="-g" />
				</Compiler>
				<Linker>
					<Add library="..\..\..\..\..\..\..\..\Program Files (x86)\CodeBlocks\SDL-1.2.15\lib\SDL_image.lib" />
					<Add library="..\..\..\..\..\..\..\..\Program Files (x86)\CodeBlocks\SDL-1.2.15\lib\SDL_ttf.lib" />
				</Linker>
			</Target>
			<Target title="Release">
				<Option output="bin/Release/SdlDisplayPicture" prefix_auto="1" extension_auto="1" />
				<Option object_output="obj/Release/" />
				<Option type="0" />
				<Option compiler="gcc" />
				<Compiler>
					<Add option="-O2" />
				</Compiler>
				<Linker>
					<Add option="-s" />
				</Linker>
			</Target>
		</Build>
		<Compiler>
			<Add option="-Wall" />
			<Add directory="C:/Program Files (x86)/CodeBlocks/SDL-1.2.15/include" />
		</Compiler>
		<Linker>
			<Add option="-lSDL_Image" />
			<Add library="mingw32" />
			<Add library="SDLmain" />
			<Add library="SDL.dll" />
			<Add library="user32" />
			<Add library="gdi32" />
			<Add library="winmm" />
			<Add library="dxguid" />
			<Add library="..\..\..\..\..\..\..\..\Program Files (x86)\CodeBlocks\SDL-1.2.15\lib\SDL_image.lib" />
			<Add directory="C:/Program Files (x86)/CodeBlocks/SDL-1.2.15/lib" />
		</Linker>
		<Unit filename="SdlDisplayPicture.c">
			<Option compilerVar="CC" />
		</Unit>
		<Unit filename="SdlDisplayPicture.h">
			<Option target="&lt;{~None~}&gt;" />
		</Unit>
		<Unit filename="cb.bmp" />
		<Unit filename="header.h" />
		<Unit filename="main.c">
			<Option compilerVar="CC" />
		</Unit>
		<Extensions>
			<code_completion />
			<envvars />
			<debugger />
			<lib_finder disable_auto="1" />
		</Extensions>
	</Project>
</CodeBlocks_project_file>
